
Microsoft Visual Studio Solution File, Format Version 12.00
# Visual Studio Version 16
VisualStudioVersion = 16.0.31025.194
MinimumVisualStudioVersion = 10.0.40219.1
Project("{FAE04EC0-301F-11D3-BF4B-00C04F79EFBC}") = "Bolnica_aplikacija", "Bolnica_aplikacija.csproj", "{8D5BDC0A-2806-43EA-B9DD-37D51EA18493}"
EndProject
Project("{FAE04EC0-301F-11D3-BF4B-00C04F79EFBC}") = "MyCalendar.Calendar", "Jarloo.Calendar\MyCalendar.Calendar.csproj", "{31C3B4A7-504B-4EFF-BACC-C8F2FFE5AF6F}"
EndProject
Global
	GlobalSection(SolutionConfigurationPlatforms) = preSolution
		Debug|Any CPU = Debug|Any CPU
		Release|Any CPU = Release|Any CPU
	EndGlobalSection
	GlobalSection(ProjectConfigurationPlatforms) = postSolution
		{8D5BDC0A-2806-43EA-B9DD-37D51EA18493}.Debug|Any CPU.ActiveCfg = Debug|Any CPU
		{8D5BDC0A-2806-43EA-B9DD-37D51EA18493}.Debug|Any CPU.Build.0 = Debug|Any CPU
		{8D5BDC0A-2806-43EA-B9DD-37D51EA18493}.Release|Any CPU.ActiveCfg = Release|Any CPU
		{8D5BDC0A-2806-43EA-B9DD-37D51EA18493}.Release|Any CPU.Build.0 = Release|Any CPU
		{31C3B4A7-504B-4EFF-BACC-C8F2FFE5AF6F}.Debug|Any CPU.ActiveCfg = Debug|Any CPU
		{31C3B4A7-504B-4EFF-BACC-C8F2FFE5AF6F}.Debug|Any CPU.Build.0 = Debug|Any CPU
		{31C3B4A7-504B-4EFF-BACC-C8F2FFE5AF6F}.Release|Any CPU.ActiveCfg = Release|Any CPU
		{31C3B4A7-504B-4EFF-BACC-C8F2FFE5AF6F}.Release|Any CPU.Build.0 = Release|Any CPU
	EndGlobalSection
	GlobalSection(SolutionProperties) = preSolution
		HideSolutionNode = FALSE
	EndGlobalSection
	GlobalSection(ExtensibilityGlobals) = postSolution
		SolutionGuid = {4EDBB38D-D7E5-4DEF-B8CA-54EE96C3B743}
	EndGlobalSection
EndGlobal
